[[package]]
name = "blog_os"
version = "0.1.0"
dependencies = [
 "lazy_static 1.0.0 (registry+https://github.com/rust-lang/crates.io-index)",
 "spin 0.4.8 (registry+https://github.com/rust-lang/crates.io-index)",
 "volatile 0.2.4 (registry+https://github.com/rust-lang/crates.io-index)",
]

[[package]]
name = "lazy_static"
version = "1.0.0"
source = "registry+https://github.com/rust-lang/crates.io-index"
dependencies = [
 "spin 0.4.8 (registry+https://github.com/rust-lang/crates.io-index)",
]

[[package]]
name = "spin"
version = "0.4.8"
source = "registry+https://github.com/rust-lang/crates.io-index"

[[package]]
name = "volatile"
version = "0.2.4"
source = "registry+https://github.com/rust-lang/crates.io-index"

[metadata]
"checksum lazy_static 1.0.0 (registry+https://github.com/rust-lang/crates.io-index)" = "c8f31047daa365f19be14b47c29df4f7c3b581832407daabe6ae77397619237d"
"checksum spin 0.4.8 (registry+https://github.com/rust-lang/crates.io-index)" = "14db77c5b914df6d6173dda9a3b3f5937bd802934fa5edaf934df06a3491e56f"
"checksum volatile 0.2.4 (registry+https://github.com/rust-lang/crates.io-index)" = "54d4343a2df2d65144a874f95950754ee7b7e8594f6027aae8c7d0f4858a3fe8"
